
Microsoft Visual Studio Solution File, Format Version 12.00
# Visual Studio 15
VisualStudioVersion = 15.0.27428.2005
MinimumVisualStudioVersion = 10.0.40219.1
Project("{FAE04EC0-301F-11D3-BF4B-00C04F79EFBC}") = "Astar", "Astar\Astar.csproj", "{36C1B433-242C-4B71-A8D1-44F364688D99}"
EndProject
Global
	GlobalSection(SolutionConfigurationPlatforms) = preSolution
		Debug|x86 = Debug|x86
		Release|x86 = Release|x86
	EndGlobalSection
	GlobalSection(ProjectConfigurationPlatforms) = postSolution
		{36C1B433-242C-4B71-A8D1-44F364688D99}.Debug|x86.ActiveCfg = Debug|x86
		{36C1B433-242C-4B71-A8D1-44F364688D99}.Debug|x86.Build.0 = Debug|x86
		{36C1B433-242C-4B71-A8D1-44F364688D99}.Release|x86.ActiveCfg = Release|x86
		{36C1B433-242C-4B71-A8D1-44F364688D99}.Release|x86.Build.0 = Release|x86
	EndGlobalSection
	GlobalSection(SolutionProperties) = preSolution
		HideSolutionNode = FALSE
	EndGlobalSection
	GlobalSection(ExtensibilityGlobals) = postSolution
		SolutionGuid = {BA947DD1-6068-45C8-BA5A-03C00B651025}
	EndGlobalSection
EndGlobal
